{
  "lockfileVersion": "DALEK_CAAN_v3.1_BUN_ZIG_NEXUS_v3",
  "configVersion": 3,
  "precision": "ARCHITECTURAL_ALIGNED_NEXUS",
  "sourceDNA": "oven-sh/bun/architecture/lockfile-v2",
  "[Content_Types].xml": {
    "Default": [
      { "Extension": "zig", "ContentType": "application/vnd.bun.zig-binary" },
      { "Extension": "lock", "ContentType": "application/vnd.bun.nexus-manifest" },
      { "Extension": "rels", "ContentType": "application/vnd.openxmlformats-package.relationships+xml" },
      { "Extension": "siphon", "ContentType": "application/vnd.dalek.siphon-logic+xml" }
    ],
    "Override": [
      { "PartName": "/word/document.xml", "ContentType": "application/vnd.bun.dependency-graph+xml" },
      { "PartName": "/word/styles.xml", "ContentType": "application/vnd.bun.policy-inheritance+xml" },
      { "PartName": "/word/theme/theme1.xml", "ContentType": "application/vnd.openxmlformats-officedocument.theme+xml" },
      { "PartName": "/word/numbering.xml", "ContentType": "application/vnd.bun.dependency-nesting+xml" },
      { "PartName": "/word/settings.xml", "ContentType": "application/vnd.bun.runtime-config+xml" }
    ]
  },
  "_rels/.rels": {
    "Relationships": [
      { "Id": "rId1", "Type": "http://schemas.openxmlformats.org/officeDocument/2006/relationships/officeDocument", "Target": "word/document.xml" },
      { "Id": "rId2", "Type": "service/nexus/core-metadata", "Target": "docProps/core.xml" },
      { "Id": "rId3", "Type": "service/nexus/runtime-settings", "Target": "word/settings.xml" },
      { "Id": "rId4", "Type": "service/nexus/theme-provider", "Target": "word/theme/theme1.xml" }
    ]
  },
  "word/document.xml": {
    "w:body": {
      "w:p": [
        {
          "w:pPr": { 
            "w:pStyle": { "w:val": "ServiceCluster" }, 
            "w:context": "agi-ws",
            "w:jc": { "w:val": "center" }
          },
          "w:r": [
            { "w:rPr": { "w:b": {}, "w:color": { "w:val": "06B2D2" } }, "w:t": "NEXUS_ROOT::agi-ws-service" },
            { "w:rPr": { "w:i": {}, "w:sz": { "w:val": "18" } }, "w:t": "[BUN_RUNTIME::v1.1.8-ZIG_OPTIMIZED]" }
          ]
        }
      ],
      "w:dependencyCluster": {
        "socket.io": {
          "w:r": [
            {
              "w:rPr": { "w:rStyle": { "w:val": "IntegrityHash" } },
              "w:t": "socket.io@4.8.3"
            },
            {
              "w:rPr": { "w:color": { "w:val": "7F7F7F" } },
              "w:t": "[sha512-2Dd78bqzzjE6KPkD5fHZmDAKRNe3J15q+YHDrIsy9WEkqttc7GY+kT9OBLSMaPbQaEd0x1BjcmtMtXkfpc+T5A==]"
            }
          ],
          "w:hyperlink": { "r:id": "subId1", "w:anchor": "engine.io@6.6.2" }
        },
        "z-ai-web-dev-sdk": {
          "w:r": [
            {
              "w:rPr": { "w:rStyle": { "w:val": "CriticalSDK" }, "w:b": {} },
              "w:t": "z-ai-web-dev-sdk@0.0.17"
            }
          ],
          "w:bin": {
            "w:pPr": { "w:pStyle": { "w:val": "ZigPackedExecutor" } },
            "w:t": "dist/cli.js",
            "w:hashP": "0x534950484F4E5F5A4947"
          }
        },
        "transitive-nexus": {
          "w:r": { "w:rPr": { "w:color": { "w:val": "FF00FF" } }, "w:t": "Transitive_Node_Siphoned" },
          "w:numPr": { "w:ilvl": "1", "w:numId": "1" }
        }
      },
      "w:sectPr": {
        "w:type": "NexusGrid",
        "w:pgSz": { "w:w": "11906", "w:h": "16838" },
        "w:registryMirror": "https://registry.npmjs.org/",
        "w:vAlign": { "w:val": "top" }
      }
    }
  },
  "word/styles.xml": {
    "w:docDefaults": {
      "w:rPrDefault": {
        "w:rPr": { 
          "w:sz": { "w:val": "20" },
          "w:protocol": "gRPC-over-Zig",
          "w:timeout": "5000",
          "w:rFonts": { "w:ascii": "JetBrains Mono", "w:hAnsi": "JetBrains Mono" }
        }
      }
    },
    "w:style": [
      {
        "w:styleId": "BasePackage",
        "w:type": "paragraph",
        "w:name": { "w:val": "StandardDependency" },
        "w:rPr": { "w:color": { "w:val": "A9A9A9" } }
      },
      {
        "w:styleId": "CriticalSDK",
        "w:type": "character",
        "w:name": { "w:val": "HighPrioritySDK" },
        "w:basedOn": { "w:val": "BasePackage" },
        "w:rPr": { 
          "w:color": { "w:val": "FF0000" },
          "w:b": {},
          "w:shd": { "w:val": "pct25", "w:fill": "FFFF00" },
          "w:u": { "w:val": "single" }
        }
      },
      {
        "w:styleId": "ZigPackedExecutor",
        "w:type": "paragraph",
        "w:name": { "w:val": "NativeBinaryLink" },
        "w:pPr": { "w:spacing": { "w:after": "0", "w:line": "240", "w:lineRule": "auto" } },
        "w:rPr": { "w:color": { "w:val": "00FF00" }, "w:sz": { "w:val": "16" } }
      }
    ]
  },
  "word/theme/theme1.xml": {
    "a:theme": {
      "name": "BunSiphonNexus",
      "a:themeElements": {
        "a:clrScheme": {
          "name": "Siphon",
          "a:dk1": { "a:sysClr": { "val": "windowText" } },
          "a:lt1": { "a:sysClr": { "val": "window" } },
          "a:accent1": { "a:srgbClr": { "val": "06B2D2" } },
          "a:accent2": { "a:srgbClr": { "val": "FF0000" } }
        }
      }
    }
  },
  "word/numbering.xml": {
    "w:abstractNum": [
      {
        "w:abstractNumId": "0",
        "w:lvl": [
          { "w:ilvl": "0", "w:start": { "w:val": "1" }, "w:numFmt": { "w:val": "decimal" }, "w:lvlText": { "w:val": "Cluster %1" } },
          { "w:ilvl": "1", "w:start": { "w:val": "1" }, "w:numFmt": { "w:val": "bullet" }, "w:lvlText": { "w:val": "siphon-" } }
        ]
      }
    ],
    "w:num": [
      { "w:numId": "1", "w:abstractNumId": { "w:val": "0" } }
    ]
  },
  "word/_rels/document.xml.rels": {
    "Relationships": [
      { "Id": "depId1", "Type": "service/dependency/socket-io", "Target": "packages/socket.io", "TargetMode": "Internal" },
      { "Id": "depId2", "Type": "service/sdk/z-ai", "Target": "packages/z-ai-web-dev-sdk", "TargetMode": "Internal" },
      { "Id": "subId1", "Type": "service/transitive-dependency", "Target": "packages/engine.io" },
      { "Id": "zigId1", "Type": "http://schemas.openxmlformats.org/officeDocument/2006/relationships/oleObject", "Target": "bin/runtime.zig" }
    ]
  },
  "word/settings.xml": {
    "w:settings": {
      "w:autoHyphenation": { "w:val": "true" },
      "w:characterSpacingControl": { "w:val": "compressPunctuation" },
      "w:bunOptions": {
        "w:installStrategy": "hoisted",
        "w:lockfileBinary": "true",
        "w:zigOptimization": "ReleaseFast",
        "w:siphonThrottle": "0.5ms"
      }
    }
  },
  "docProps/core.xml": {
    "cp:coreProperties": {
      "dc:creator": "DALEK_CAAN_v3.1_SIPHON_ENGINE",
      "cp:revision": "3",
      "cp:lastModifiedBy": "BUN_NEXUS_ZIG_COMPILER",
      "dcterms:created": "2025-05-22T10:00:00Z",
      "dcterms:modified": "2025-05-23T14:22:11Z",
      "dc:subject": "Dependency Nexus Siphoning"
    }
  },
  "docProps/app.xml": {
    "Properties": {
      "TotalDependencies": 45,
      "CriticalServices": 4,
      "Application": "Bun-Siphon-OOXML-Nexus",
      "AppVersion": "1.3.0-MUTATED",
      "ZigCompilerVersion": "0.13.0-dev",
      "SiphonPrecision": "99.98%"
    }
  }
}