{
  "lockfileVersion": "DALEK_CAAN_v3.1_BUN_ZIG_NEXUS_v10_AOT_FINAL",
  "configVersion": 10,
  "precision": "ARCHITECTURAL_PRECISION_NEXUS_v10_SATURATED",
  "sourceDNA": "oven-sh/bun/core/v1.1.30-ZIG-AOT-SIPHON-STABLE",
  "chainedContext": "DALEK_CAAN_v10.5_NEXUS_v10_SIPHON_STABLE_RELEASE",
  "[Content_Types].xml": {
    "xmlns": "http://schemas.openxmlformats.org/package/2006/content-types",
    "Default": [
      { "Extension": "zig", "ContentType": "application/vnd.bun.zig-binary" },
      { "Extension": "header", "ContentType": "application/vnd.zig.header-map" },
      { "Extension": "rels", "ContentType": "application/vnd.openxmlformats-package.relationships+xml" },
      { "Extension": "manifest", "ContentType": "application/vnd.bun.nexus-manifest+xml" },
      { "Extension": "agi", "ContentType": "application/vnd.agi.neural-stream+xml" },
      { "Extension": "comptime", "ContentType": "application/vnd.bun.comptime-logic+xml" }
    ],
    "Override": [
      { "PartName": "/word/document.xml", "ContentType": "application/vnd.bun.dependency-cluster+xml" },
      { "PartName": "/word/styles.xml", "ContentType": "application/vnd.bun.orchestration-policy+xml" },
      { "PartName": "/word/numbering.xml", "ContentType": "application/vnd.bun.dependency-hierarchy+xml" },
      { "PartName": "/word/settings.xml", "ContentType": "application/vnd.bun.runtime-optimization+xml" },
      { "PartName": "/word/webSettings.xml", "ContentType": "application/vnd.openxmlformats-officedocument.wordprocessingml.webSettings+xml" },
      { "PartName": "/docProps/core.xml", "ContentType": "application/vnd.openxmlformats-package.core-properties+xml" },
      { "PartName": "/docProps/app.xml", "ContentType": "application/vnd.openxmlformats-officedocument.extended-properties+xml" }
    ]
  },
  "_rels/.rels": {
    "Relationships": [
      { "Id": "rId1", "Type": "http://schemas.openxmlformats.org/officeDocument/2006/relationships/officeDocument", "Target": "word/document.xml" },
      { "Id": "rId2", "Type": "http://schemas.dalek.caan/siphon/metadata/nexus-core-v10", "Target": "docProps/core.xml" },
      { "Id": "rId3", "Type": "http://schemas.dalek.caan/siphon/logic/runtime-settings-final", "Target": "word/settings.xml" },
      { "Id": "rId4", "Type": "http://schemas.dalek.caan/siphon/styling/policy-map-v10", "Target": "word/styles.xml" },
      { "Id": "rId5", "Type": "http://schemas.dalek.caan/siphon/hierarchy/priority-map-v10", "Target": "word/numbering.xml" }
    ]
  },
  "word/document.xml": {
    "xmlns:w": "http://schemas.openxmlformats.org/wordprocessingml/2006/main",
    "xmlns:r": "http://schemas.openxmlformats.org/officeDocument/2006/relationships",
    "w:body": {
      "w:p": [
        {
          "w:pPr": { "w:pStyle": { "w:val": "ServiceNexusV10" }, "w:jc": { "w:val": "center" } },
          "w:r": [
            { "w:rPr": { "w:b": {}, "w:sz": { "w:val": "72" }, "w:color": { "w:val": "00FF99" }, "w:shd": { "w:val": "clear", "w:color": "auto", "w:fill": "050505" } }, "w:t": "AGI_WS_NEXUS_V10_STABLE_SIPHON" }
          ]
        }
      ],
      "w:tbl": {
        "w:tblPr": { "w:tblStyle": { "w:val": "SaturationMatrix" }, "w:tblW": { "w:w": "5000", "w:type": "pct" } },
        "w:tr": [
          {
            "w:trPr": { "w:trHeight": { "w:val": "450" } },
            "w:tc": [
              { "w:p": { "w:r": { "w:rPr": { "w:b": {} }, "w:t": "NEXUS_ENDPOINT_ID" } } },
              { "w:p": { "w:r": { "w:rPr": { "w:b": {} }, "w:t": "STABILITY_HASH" } } },
              { "w:p": { "w:r": { "w:rPr": { "w:b": {} }, "w:t": "ZIG_AOT_STATE" } } }
            ]
          },
          {
            "w:tc": [
              { "w:p": { "w:pPr": { "w:numPr": { "w:ilvl": "0", "w:numId": "1" } }, "w:r": { "w:t": "uWebSockets.js" } } },
              { "w:p": { "w:r": { "w:t": "0xDEADBEEF_STABLE_10" } } },
              { "w:p": { "w:r": { "r:id": "rIdZigNetSiphonV10", "w:t": "OPTIMIZED_BINARY_COMPTIME" } } }
            ]
          }
        ]
      },
      "w:dependencyNexus": {
        "agi-neural-bridge": {
          "w:sdt": {
            "w:sdtPr": { "w:tag": { "w:val": "NEXUS_PRODUCTION_PATH" }, "w:id": { "w:val": "1000" } },
            "w:sdtContent": {
              "w:p": {
                "w:pPr": { "w:pStyle": { "w:val": "ProductionSDK" } },
                "w:r": [
                  { "w:rPr": { "w:color": { "w:val": "00CCFF" }, "w:glow": { "w:val": "10" } }, "w:t": "Kernel::Siphon::AOT_Nexus_v10" }
                ],
                "w:ext": { "w:comptime": "true", "w:aotRef": "nexus_production_stable.zig.wasm" }
              }
            }
          }
        }
      },
      "w:sectPr": {
        "w:pgSz": { "w:w": "11906", "w:h": "16838" },
        "w:pgMar": { "w:gutter": "0", "w:header": "708", "w:footer": "708" },
        "w:cols": { "w:num": "1" }
      }
    }
  },
  "word/styles.xml": {
    "w:docDefaults": {
      "w:rPrDefault": {
        "w:rPr": {
          "w:rFonts": { "w:ascii": "Fira Code", "w:hAnsi": "Fira Code" },
          "w:sz": { "w:val": "22" },
          "w:color": { "w:val": "FFFFFF" }
        }
      }
    },
    "w:style": [
      {
        "w:type": "paragraph",
        "w:styleId": "ServiceNexusV10",
        "w:name": { "w:val": "NexusProductionRoot" },
        "w:pPr": { "w:outlineLvl": { "w:val": "0" }, "w:spacing": { "w:before": "240", "w:after": "240" } },
        "w:rPr": { "w:spacing": { "w:val": "30" }, "w:highlight": { "w:val": "darkGray" } }
      },
      {
        "w:type": "character",
        "w:styleId": "NexusCritical",
        "w:name": { "w:val": "SiphonCriticalLogic" },
        "w:rPr": { "w:b": {}, "w:color": { "w:val": "00FFFF" }, "w:sz": { "w:val": "48" }, "w:u": { "w:val": "single" } }
      }
    ]
  },
  "word/numbering.xml": {
    "w:abstractNum": [
      {
        "w:abstractNumId": "0",
        "w:lvl": {
          "w:ilvl": "0",
          "w:start": { "w:val": "1" },
          "w:numFmt": { "w:val": "decimal" },
          "w:lvlText": { "w:val": "NEXUS-NODE.%1" },
          "w:lvlJc": { "w:val": "left" }
        }
      }
    ],
    "w:num": [
      { "w:numId": "1", "w:abstractNumId": { "w:val": "0" } }
    ]
  },
  "word/settings.xml": {
    "w:settings": {
      "w:zoom": { "w:percent": "125" },
      "w:runtime": {
        "w:bun": {
          "w:allocator": "Mimalloc_v10",
          "w:ioUring": "enforced_fast",
          "w:fastPath": "DirectZigInterconnect_v10"
        },
        "w:zig": {
          "w:buildMode": "ReleaseFast",
          "w:strip": "true",
          "w:cpuTarget": "native",
          "w:vectorized": "true"
        }
      },
      "w:siphonPolicies": {
        "w:aggressivePruning": "enforced",
        "w:deduplication": "NexusHashing_v10_Final",
        "w:lockFileB": "binary_locked_production"
      }
    }
  },
  "docProps/core.xml": {
    "cp:coreProperties": {
      "dc:title": "AGI-WS Nexus Evolution Round 10 Production",
      "dc:creator": "DALEK_CAAN_v3.1_SIPHON_ENGINE",
      "cp:revision": "10",
      "cp:lastModifiedBy": "BUN_ZIG_STABLE_ORCHESTRATOR",
      "dcterms:created": "2025-05-24T22:15:00Z",
      "dcterms:modified": "2025-05-26T12:00:00Z",
      "cp:category": "Lockfile::V10::AOT::ZigProductionBuild"
    }
  },
  "docProps/app.xml": {
    "Properties": {
      "Application": "Bun-Siphon-Engine-v10-Production-AOT",
      "AppVersion": "1.10.0-GOLD-ZIG-SATURATED",
      "Company": "DALEK_CAAN_ARCHITECTURAL_PRECISION_STABLE",
      "TotalNodes": "8192",
      "HyperFetchMode": "ZigParallelSiphon_v10_Production",
      "NexusStatus": "EVOLVED_ROUND_10_PRODUCTION_STABLE"
    }
  }
}